
Microsoft Visual Studio Solution File, Format Version 12.00
# Visual Studio 15
VisualStudioVersion = 15.0.27205.2004
MinimumVisualStudioVersion = 10.0.40219.1
Project("{FAE04EC0-301F-11D3-BF4B-00C04F79EFBC}") = "CarManager", "CarManager\CarManager.csproj", "{FB668A29-7104-4056-B130-6033135CBE82}"
EndProject
Project("{FAE04EC0-301F-11D3-BF4B-00C04F79EFBC}") = "VehicleLibrary", "VehicleLibrary\VehicleLibrary.csproj", "{3CCEF5AA-BA0D-49B2-9A6E-88E0A74548D3}"
EndProject
Project("{FAE04EC0-301F-11D3-BF4B-00C04F79EFBC}") = "CarManagerWindowsApp", "CarManagerWindowsApp\CarManagerWindowsApp.csproj", "{4A8CA0F6-1AE2-400A-86E8-8503C824F1B4}"
EndProject
Global
	GlobalSection(SolutionConfigurationPlatforms) = preSolution
		Debug|Any CPU = Debug|Any CPU
		Release|Any CPU = Release|Any CPU
	EndGlobalSection
	GlobalSection(ProjectConfigurationPlatforms) = postSolution
		{FB668A29-7104-4056-B130-6033135CBE82}.Debug|Any CPU.ActiveCfg = Debug|Any CPU
		{FB668A29-7104-4056-B130-6033135CBE82}.Debug|Any CPU.Build.0 = Debug|Any CPU
		{FB668A29-7104-4056-B130-6033135CBE82}.Release|Any CPU.ActiveCfg = Release|Any CPU
		{FB668A29-7104-4056-B130-6033135CBE82}.Release|Any CPU.Build.0 = Release|Any CPU
		{3CCEF5AA-BA0D-49B2-9A6E-88E0A74548D3}.Debug|Any CPU.ActiveCfg = Debug|Any CPU
		{3CCEF5AA-BA0D-49B2-9A6E-88E0A74548D3}.Debug|Any CPU.Build.0 = Debug|Any CPU
		{3CCEF5AA-BA0D-49B2-9A6E-88E0A74548D3}.Release|Any CPU.ActiveCfg = Release|Any CPU
		{3CCEF5AA-BA0D-49B2-9A6E-88E0A74548D3}.Release|Any CPU.Build.0 = Release|Any CPU
		{4A8CA0F6-1AE2-400A-86E8-8503C824F1B4}.Debug|Any CPU.ActiveCfg = Debug|Any CPU
		{4A8CA0F6-1AE2-400A-86E8-8503C824F1B4}.Debug|Any CPU.Build.0 = Debug|Any CPU
		{4A8CA0F6-1AE2-400A-86E8-8503C824F1B4}.Release|Any CPU.ActiveCfg = Release|Any CPU
		{4A8CA0F6-1AE2-400A-86E8-8503C824F1B4}.Release|Any CPU.Build.0 = Release|Any CPU
	EndGlobalSection
	GlobalSection(SolutionProperties) = preSolution
		HideSolutionNode = FALSE
	EndGlobalSection
	GlobalSection(ExtensibilityGlobals) = postSolution
		SolutionGuid = {89EB9F6C-6EE0-4DC4-A92F-25B934C313AC}
	EndGlobalSection
EndGlobal
